
Microsoft Visual Studio Solution File, Format Version 12.00
# Visual Studio 14
VisualStudioVersion = 14.0.25420.1
MinimumVisualStudioVersion = 10.0.40219.1
Project("{8BC9CEB8-8B4A-11D0-8D11-00A0C91BC942}") = "15-1", "15-1\15-1.vcxproj", "{66AD41C3-074B-46C9-853F-84D790A864FD}"
EndProject
Project("{8BC9CEB8-8B4A-11D0-8D11-00A0C91BC942}") = "15-2", "15-2\15-2.vcxproj", "{C2DC0C32-98D9-4EC7-8843-FA5C55D793FA}"
EndProject
Project("{8BC9CEB8-8B4A-11D0-8D11-00A0C91BC942}") = "15-5", "15-5\15-5.vcxproj", "{F80B09FA-EBB7-46DD-A04A-0A6B157E9446}"
EndProject
Project("{8BC9CEB8-8B4A-11D0-8D11-00A0C91BC942}") = "15-7", "15-7\15-7.vcxproj", "{BB97E399-920B-4B4B-8698-EAB1C1184523}"
EndProject
Project("{8BC9CEB8-8B4A-11D0-8D11-00A0C91BC942}") = "15-8", "15-8\15-8.vcxproj", "{D0F77C43-9002-4A04-A814-6A7762AC4171}"
EndProject
Project("{8BC9CEB8-8B4A-11D0-8D11-00A0C91BC942}") = "15-9", "15-9\15-9.vcxproj", "{3505E790-B38B-471D-809B-96FF49A3E650}"
EndProject
Project("{8BC9CEB8-8B4A-11D0-8D11-00A0C91BC942}") = "15-10", "15-10\15-10.vcxproj", "{29E90294-B62C-40DC-B9E6-5199394A08A1}"
EndProject
Project("{8BC9CEB8-8B4A-11D0-8D11-00A0C91BC942}") = "15-12", "15-12\15-12.vcxproj", "{482BAD94-44EE-4839-BABD-7B0B897D6DDC}"
EndProject
Project("{8BC9CEB8-8B4A-11D0-8D11-00A0C91BC942}") = "15-13", "15-13\15-13.vcxproj", "{575B5DE0-B761-45F6-A21F-2930AE43A0C3}"
EndProject
Project("{8BC9CEB8-8B4A-11D0-8D11-00A0C91BC942}") = "15-14", "15-14\15-14.vcxproj", "{CC39EC94-B811-4972-BF00-B3963C8F5D5F}"
EndProject
Project("{8BC9CEB8-8B4A-11D0-8D11-00A0C91BC942}") = "15-17", "15-17\15-17.vcxproj", "{A4F80A68-95FF-405E-B81D-25E700BA1FDB}"
EndProject
Project("{8BC9CEB8-8B4A-11D0-8D11-00A0C91BC942}") = "15-18", "15-18\15-18.vcxproj", "{4ADFFC6A-C8F1-47C8-A901-44F2D936A346}"
EndProject
Project("{8BC9CEB8-8B4A-11D0-8D11-00A0C91BC942}") = "15-19", "15-19\15-19.vcxproj", "{D3764EBE-C33F-4024-845B-204EF81B8369}"
EndProject
Global
	GlobalSection(SolutionConfigurationPlatforms) = preSolution
		Debug|x64 = Debug|x64
		Debug|x86 = Debug|x86
		Release|x64 = Release|x64
		Release|x86 = Release|x86
	EndGlobalSection
	GlobalSection(ProjectConfigurationPlatforms) = postSolution
		{66AD41C3-074B-46C9-853F-84D790A864FD}.Debug|x64.ActiveCfg = Debug|x64
		{66AD41C3-074B-46C9-853F-84D790A864FD}.Debug|x64.Build.0 = Debug|x64
		{66AD41C3-074B-46C9-853F-84D790A864FD}.Debug|x86.ActiveCfg = Debug|Win32
		{66AD41C3-074B-46C9-853F-84D790A864FD}.Debug|x86.Build.0 = Debug|Win32
		{66AD41C3-074B-46C9-853F-84D790A864FD}.Release|x64.ActiveCfg = Release|x64
		{66AD41C3-074B-46C9-853F-84D790A864FD}.Release|x64.Build.0 = Release|x64
		{66AD41C3-074B-46C9-853F-84D790A864FD}.Release|x86.ActiveCfg = Release|Win32
		{66AD41C3-074B-46C9-853F-84D790A864FD}.Release|x86.Build.0 = Release|Win32
		{C2DC0C32-98D9-4EC7-8843-FA5C55D793FA}.Debug|x64.ActiveCfg = Debug|x64
		{C2DC0C32-98D9-4EC7-8843-FA5C55D793FA}.Debug|x64.Build.0 = Debug|x64
		{C2DC0C32-98D9-4EC7-8843-FA5C55D793FA}.Debug|x86.ActiveCfg = Debug|Win32
		{C2DC0C32-98D9-4EC7-8843-FA5C55D793FA}.Debug|x86.Build.0 = Debug|Win32
		{C2DC0C32-98D9-4EC7-8843-FA5C55D793FA}.Release|x64.ActiveCfg = Release|x64
		{C2DC0C32-98D9-4EC7-8843-FA5C55D793FA}.Release|x64.Build.0 = Release|x64
		{C2DC0C32-98D9-4EC7-8843-FA5C55D793FA}.Release|x86.ActiveCfg = Release|Win32
		{C2DC0C32-98D9-4EC7-8843-FA5C55D793FA}.Release|x86.Build.0 = Release|Win32
		{F80B09FA-EBB7-46DD-A04A-0A6B157E9446}.Debug|x64.ActiveCfg = Debug|x64
		{F80B09FA-EBB7-46DD-A04A-0A6B157E9446}.Debug|x64.Build.0 = Debug|x64
		{F80B09FA-EBB7-46DD-A04A-0A6B157E9446}.Debug|x86.ActiveCfg = Debug|Win32
		{F80B09FA-EBB7-46DD-A04A-0A6B157E9446}.Debug|x86.Build.0 = Debug|Win32
		{F80B09FA-EBB7-46DD-A04A-0A6B157E9446}.Release|x64.ActiveCfg = Release|x64
		{F80B09FA-EBB7-46DD-A04A-0A6B157E9446}.Release|x64.Build.0 = Release|x64
		{F80B09FA-EBB7-46DD-A04A-0A6B157E9446}.Release|x86.ActiveCfg = Release|Win32
		{F80B09FA-EBB7-46DD-A04A-0A6B157E9446}.Release|x86.Build.0 = Release|Win32
		{BB97E399-920B-4B4B-8698-EAB1C1184523}.Debug|x64.ActiveCfg = Debug|x64
		{BB97E399-920B-4B4B-8698-EAB1C1184523}.Debug|x64.Build.0 = Debug|x64
		{BB97E399-920B-4B4B-8698-EAB1C1184523}.Debug|x86.ActiveCfg = Debug|Win32
		{BB97E399-920B-4B4B-8698-EAB1C1184523}.Debug|x86.Build.0 = Debug|Win32
		{BB97E399-920B-4B4B-8698-EAB1C1184523}.Release|x64.ActiveCfg = Release|x64
		{BB97E399-920B-4B4B-8698-EAB1C1184523}.Release|x64.Build.0 = Release|x64
		{BB97E399-920B-4B4B-8698-EAB1C1184523}.Release|x86.ActiveCfg = Release|Win32
		{BB97E399-920B-4B4B-8698-EAB1C1184523}.Release|x86.Build.0 = Release|Win32
		{D0F77C43-9002-4A04-A814-6A7762AC4171}.Debug|x64.ActiveCfg = Debug|x64
		{D0F77C43-9002-4A04-A814-6A7762AC4171}.Debug|x64.Build.0 = Debug|x64
		{D0F77C43-9002-4A04-A814-6A7762AC4171}.Debug|x86.ActiveCfg = Debug|Win32
		{D0F77C43-9002-4A04-A814-6A7762AC4171}.Debug|x86.Build.0 = Debug|Win32
		{D0F77C43-9002-4A04-A814-6A7762AC4171}.Release|x64.ActiveCfg = Release|x64
		{D0F77C43-9002-4A04-A814-6A7762AC4171}.Release|x64.Build.0 = Release|x64
		{D0F77C43-9002-4A04-A814-6A7762AC4171}.Release|x86.ActiveCfg = Release|Win32
		{D0F77C43-9002-4A04-A814-6A7762AC4171}.Release|x86.Build.0 = Release|Win32
		{3505E790-B38B-471D-809B-96FF49A3E650}.Debug|x64.ActiveCfg = Debug|x64
		{3505E790-B38B-471D-809B-96FF49A3E650}.Debug|x64.Build.0 = Debug|x64
		{3505E790-B38B-471D-809B-96FF49A3E650}.Debug|x86.ActiveCfg = Debug|Win32
		{3505E790-B38B-471D-809B-96FF49A3E650}.Debug|x86.Build.0 = Debug|Win32
		{3505E790-B38B-471D-809B-96FF49A3E650}.Release|x64.ActiveCfg = Release|x64
		{3505E790-B38B-471D-809B-96FF49A3E650}.Release|x64.Build.0 = Release|x64
		{3505E790-B38B-471D-809B-96FF49A3E650}.Release|x86.ActiveCfg = Release|Win32
		{3505E790-B38B-471D-809B-96FF49A3E650}.Release|x86.Build.0 = Release|Win32
		{29E90294-B62C-40DC-B9E6-5199394A08A1}.Debug|x64.ActiveCfg = Debug|x64
		{29E90294-B62C-40DC-B9E6-5199394A08A1}.Debug|x64.Build.0 = Debug|x64
		{29E90294-B62C-40DC-B9E6-5199394A08A1}.Debug|x86.ActiveCfg = Debug|Win32
		{29E90294-B62C-40DC-B9E6-5199394A08A1}.Debug|x86.Build.0 = Debug|Win32
		{29E90294-B62C-40DC-B9E6-5199394A08A1}.Release|x64.ActiveCfg = Release|x64
		{29E90294-B62C-40DC-B9E6-5199394A08A1}.Release|x64.Build.0 = Release|x64
		{29E90294-B62C-40DC-B9E6-5199394A08A1}.Release|x86.ActiveCfg = Release|Win32
		{29E90294-B62C-40DC-B9E6-5199394A08A1}.Release|x86.Build.0 = Release|Win32
		{482BAD94-44EE-4839-BABD-7B0B897D6DDC}.Debug|x64.ActiveCfg = Debug|x64
		{482BAD94-44EE-4839-BABD-7B0B897D6DDC}.Debug|x64.Build.0 = Debug|x64
		{482BAD94-44EE-4839-BABD-7B0B897D6DDC}.Debug|x86.ActiveCfg = Debug|Win32
		{482BAD94-44EE-4839-BABD-7B0B897D6DDC}.Debug|x86.Build.0 = Debug|Win32
		{482BAD94-44EE-4839-BABD-7B0B897D6DDC}.Release|x64.ActiveCfg = Release|x64
		{482BAD94-44EE-4839-BABD-7B0B897D6DDC}.Release|x64.Build.0 = Release|x64
		{482BAD94-44EE-4839-BABD-7B0B897D6DDC}.Release|x86.ActiveCfg = Release|Win32
		{482BAD94-44EE-4839-BABD-7B0B897D6DDC}.Release|x86.Build.0 = Release|Win32
		{575B5DE0-B761-45F6-A21F-2930AE43A0C3}.Debug|x64.ActiveCfg = Debug|x64
		{575B5DE0-B761-45F6-A21F-2930AE43A0C3}.Debug|x64.Build.0 = Debug|x64
		{575B5DE0-B761-45F6-A21F-2930AE43A0C3}.Debug|x86.ActiveCfg = Debug|Win32
		{575B5DE0-B761-45F6-A21F-2930AE43A0C3}.Debug|x86.Build.0 = Debug|Win32
		{575B5DE0-B761-45F6-A21F-2930AE43A0C3}.Release|x64.ActiveCfg = Release|x64
		{575B5DE0-B761-45F6-A21F-2930AE43A0C3}.Release|x64.Build.0 = Release|x64
		{575B5DE0-B761-45F6-A21F-2930AE43A0C3}.Release|x86.ActiveCfg = Release|Win32
		{575B5DE0-B761-45F6-A21F-2930AE43A0C3}.Release|x86.Build.0 = Release|Win32
		{CC39EC94-B811-4972-BF00-B3963C8F5D5F}.Debug|x64.ActiveCfg = Debug|x64
		{CC39EC94-B811-4972-BF00-B3963C8F5D5F}.Debug|x64.Build.0 = Debug|x64
		{CC39EC94-B811-4972-BF00-B3963C8F5D5F}.Debug|x86.ActiveCfg = Debug|Win32
		{CC39EC94-B811-4972-BF00-B3963C8F5D5F}.Debug|x86.Build.0 = Debug|Win32
		{CC39EC94-B811-4972-BF00-B3963C8F5D5F}.Release|x64.ActiveCfg = Release|x64
		{CC39EC94-B811-4972-BF00-B3963C8F5D5F}.Release|x64.Build.0 = Release|x64
		{CC39EC94-B811-4972-BF00-B3963C8F5D5F}.Release|x86.ActiveCfg = Release|Win32
		{CC39EC94-B811-4972-BF00-B3963C8F5D5F}.Release|x86.Build.0 = Release|Win32
		{A4F80A68-95FF-405E-B81D-25E700BA1FDB}.Debug|x64.ActiveCfg = Debug|x64
		{A4F80A68-95FF-405E-B81D-25E700BA1FDB}.Debug|x64.Build.0 = Debug|x64
		{A4F80A68-95FF-405E-B81D-25E700BA1FDB}.Debug|x86.ActiveCfg = Debug|Win32
		{A4F80A68-95FF-405E-B81D-25E700BA1FDB}.Debug|x86.Build.0 = Debug|Win32
		{A4F80A68-95FF-405E-B81D-25E700BA1FDB}.Release|x64.ActiveCfg = Release|x64
		{A4F80A68-95FF-405E-B81D-25E700BA1FDB}.Release|x64.Build.0 = Release|x64
		{A4F80A68-95FF-405E-B81D-25E700BA1FDB}.Release|x86.ActiveCfg = Release|Win32
		{A4F80A68-95FF-405E-B81D-25E700BA1FDB}.Release|x86.Build.0 = Release|Win32
		{4ADFFC6A-C8F1-47C8-A901-44F2D936A346}.Debug|x64.ActiveCfg = Debug|x64
		{4ADFFC6A-C8F1-47C8-A901-44F2D936A346}.Debug|x64.Build.0 = Debug|x64
		{4ADFFC6A-C8F1-47C8-A901-44F2D936A346}.Debug|x86.ActiveCfg = Debug|Win32
		{4ADFFC6A-C8F1-47C8-A901-44F2D936A346}.Debug|x86.Build.0 = Debug|Win32
		{4ADFFC6A-C8F1-47C8-A901-44F2D936A346}.Release|x64.ActiveCfg = Release|x64
		{4ADFFC6A-C8F1-47C8-A901-44F2D936A346}.Release|x64.Build.0 = Release|x64
		{4ADFFC6A-C8F1-47C8-A901-44F2D936A346}.Release|x86.ActiveCfg = Release|Win32
		{4ADFFC6A-C8F1-47C8-A901-44F2D936A346}.Release|x86.Build.0 = Release|Win32
		{D3764EBE-C33F-4024-845B-204EF81B8369}.Debug|x64.ActiveCfg = Debug|x64
		{D3764EBE-C33F-4024-845B-204EF81B8369}.Debug|x64.Build.0 = Debug|x64
		{D3764EBE-C33F-4024-845B-204EF81B8369}.Debug|x86.ActiveCfg = Debug|Win32
		{D3764EBE-C33F-4024-845B-204EF81B8369}.Debug|x86.Build.0 = Debug|Win32
		{D3764EBE-C33F-4024-845B-204EF81B8369}.Release|x64.ActiveCfg = Release|x64
		{D3764EBE-C33F-4024-845B-204EF81B8369}.Release|x64.Build.0 = Release|x64
		{D3764EBE-C33F-4024-845B-204EF81B8369}.Release|x86.ActiveCfg = Release|Win32
		{D3764EBE-C33F-4024-845B-204EF81B8369}.Release|x86.Build.0 = Release|Win32
	EndGlobalSection
	GlobalSection(SolutionProperties) = preSolution
		HideSolutionNode = FALSE
	EndGlobalSection
EndGlobal
